
Microsoft Visual Studio Solution File, Format Version 12.00
# Visual Studio Version 16
VisualStudioVersion = 16.0.29709.97
MinimumVisualStudioVersion = 10.0.40219.1
Project("{FAE04EC0-301F-11D3-BF4B-00C04F79EFBC}") = "SimpleProgram", "SimpleProgram\SimpleProgram.csproj", "{FA62789F-7AEA-4695-8C9E-953C3B4B15C8}"
EndProject
Global
	GlobalSection(SolutionConfigurationPlatforms) = preSolution
		Debug|Any CPU = Debug|Any CPU
		Release|Any CPU = Release|Any CPU
	EndGlobalSection
	GlobalSection(ProjectConfigurationPlatforms) = postSolution
		{FA62789F-7AEA-4695-8C9E-953C3B4B15C8}.Debug|Any CPU.ActiveCfg = Debug|Any CPU
		{FA62789F-7AEA-4695-8C9E-953C3B4B15C8}.Debug|Any CPU.Build.0 = Debug|Any CPU
		{FA62789F-7AEA-4695-8C9E-953C3B4B15C8}.Release|Any CPU.ActiveCfg = Release|Any CPU
		{FA62789F-7AEA-4695-8C9E-953C3B4B15C8}.Release|Any CPU.Build.0 = Release|Any CPU
	EndGlobalSection
	GlobalSection(SolutionProperties) = preSolution
		HideSolutionNode = FALSE
	EndGlobalSection
	GlobalSection(ExtensibilityGlobals) = postSolution
		SolutionGuid = {1C65072F-0531-4466-B28F-11FAA21A673E}
	EndGlobalSection
EndGlobal
